
Microsoft Visual Studio Solution File, Format Version 12.00
# Visual Studio Version 16
VisualStudioVersion = 16.0.29519.181
MinimumVisualStudioVersion = 10.0.40219.1
Project("{FAE04EC0-301F-11D3-BF4B-00C04F79EFBC}") = "NestedScrollBug.Android", "NestedScrollBug.Android\NestedScrollBug.Android.csproj", "{62171465-239B-4B83-BF19-31C4A33632BD}"
EndProject
Project("{FAE04EC0-301F-11D3-BF4B-00C04F79EFBC}") = "NestedScrollBug", "NestedScrollBug\NestedScrollBug.csproj", "{A179CDDE-B5D2-4C86-8C4E-C5CBA806CA17}"
EndProject
Global
	GlobalSection(SolutionConfigurationPlatforms) = preSolution
		Debug|Any CPU = Debug|Any CPU
		Debug|iPhone = Debug|iPhone
		Debug|iPhoneSimulator = Debug|iPhoneSimulator
		Release|Any CPU = Release|Any CPU
		Release|iPhone = Release|iPhone
		Release|iPhoneSimulator = Release|iPhoneSimulator
	EndGlobalSection
	GlobalSection(ProjectConfigurationPlatforms) = postSolution
		{62171465-239B-4B83-BF19-31C4A33632BD}.Debug|Any CPU.ActiveCfg = Debug|Any CPU
		{62171465-239B-4B83-BF19-31C4A33632BD}.Debug|Any CPU.Build.0 = Debug|Any CPU
		{62171465-239B-4B83-BF19-31C4A33632BD}.Debug|Any CPU.Deploy.0 = Debug|Any CPU
		{62171465-239B-4B83-BF19-31C4A33632BD}.Debug|iPhone.ActiveCfg = Debug|Any CPU
		{62171465-239B-4B83-BF19-31C4A33632BD}.Debug|iPhone.Build.0 = Debug|Any CPU
		{62171465-239B-4B83-BF19-31C4A33632BD}.Debug|iPhone.Deploy.0 = Debug|Any CPU
		{62171465-239B-4B83-BF19-31C4A33632BD}.Debug|iPhoneSimulator.ActiveCfg = Debug|Any CPU
		{62171465-239B-4B83-BF19-31C4A33632BD}.Debug|iPhoneSimulator.Build.0 = Debug|Any CPU
		{62171465-239B-4B83-BF19-31C4A33632BD}.Debug|iPhoneSimulator.Deploy.0 = Debug|Any CPU
		{62171465-239B-4B83-BF19-31C4A33632BD}.Release|Any CPU.ActiveCfg = Release|Any CPU
		{62171465-239B-4B83-BF19-31C4A33632BD}.Release|Any CPU.Build.0 = Release|Any CPU
		{62171465-239B-4B83-BF19-31C4A33632BD}.Release|Any CPU.Deploy.0 = Release|Any CPU
		{62171465-239B-4B83-BF19-31C4A33632BD}.Release|iPhone.ActiveCfg = Release|Any CPU
		{62171465-239B-4B83-BF19-31C4A33632BD}.Release|iPhone.Build.0 = Release|Any CPU
		{62171465-239B-4B83-BF19-31C4A33632BD}.Release|iPhone.Deploy.0 = Release|Any CPU
		{62171465-239B-4B83-BF19-31C4A33632BD}.Release|iPhoneSimulator.ActiveCfg = Release|Any CPU
		{62171465-239B-4B83-BF19-31C4A33632BD}.Release|iPhoneSimulator.Build.0 = Release|Any CPU
		{62171465-239B-4B83-BF19-31C4A33632BD}.Release|iPhoneSimulator.Deploy.0 = Release|Any CPU
		{A179CDDE-B5D2-4C86-8C4E-C5CBA806CA17}.Debug|Any CPU.ActiveCfg = Debug|Any CPU
		{A179CDDE-B5D2-4C86-8C4E-C5CBA806CA17}.Debug|Any CPU.Build.0 = Debug|Any CPU
		{A179CDDE-B5D2-4C86-8C4E-C5CBA806CA17}.Debug|Any CPU.Deploy.0 = Debug|Any CPU
		{A179CDDE-B5D2-4C86-8C4E-C5CBA806CA17}.Debug|iPhone.ActiveCfg = Debug|Any CPU
		{A179CDDE-B5D2-4C86-8C4E-C5CBA806CA17}.Debug|iPhone.Build.0 = Debug|Any CPU
		{A179CDDE-B5D2-4C86-8C4E-C5CBA806CA17}.Debug|iPhone.Deploy.0 = Debug|Any CPU
		{A179CDDE-B5D2-4C86-8C4E-C5CBA806CA17}.Debug|iPhoneSimulator.ActiveCfg = Debug|Any CPU
		{A179CDDE-B5D2-4C86-8C4E-C5CBA806CA17}.Debug|iPhoneSimulator.Build.0 = Debug|Any CPU
		{A179CDDE-B5D2-4C86-8C4E-C5CBA806CA17}.Debug|iPhoneSimulator.Deploy.0 = Debug|Any CPU
		{A179CDDE-B5D2-4C86-8C4E-C5CBA806CA17}.Release|Any CPU.ActiveCfg = Release|Any CPU
		{A179CDDE-B5D2-4C86-8C4E-C5CBA806CA17}.Release|Any CPU.Build.0 = Release|Any CPU
		{A179CDDE-B5D2-4C86-8C4E-C5CBA806CA17}.Release|Any CPU.Deploy.0 = Release|Any CPU
		{A179CDDE-B5D2-4C86-8C4E-C5CBA806CA17}.Release|iPhone.ActiveCfg = Release|Any CPU
		{A179CDDE-B5D2-4C86-8C4E-C5CBA806CA17}.Release|iPhone.Build.0 = Release|Any CPU
		{A179CDDE-B5D2-4C86-8C4E-C5CBA806CA17}.Release|iPhone.Deploy.0 = Release|Any CPU
		{A179CDDE-B5D2-4C86-8C4E-C5CBA806CA17}.Release|iPhoneSimulator.ActiveCfg = Release|Any CPU
		{A179CDDE-B5D2-4C86-8C4E-C5CBA806CA17}.Release|iPhoneSimulator.Build.0 = Release|Any CPU
		{A179CDDE-B5D2-4C86-8C4E-C5CBA806CA17}.Release|iPhoneSimulator.Deploy.0 = Release|Any CPU
	EndGlobalSection
	GlobalSection(SolutionProperties) = preSolution
		HideSolutionNode = FALSE
	EndGlobalSection
	GlobalSection(ExtensibilityGlobals) = postSolution
		SolutionGuid = {ACA60BE5-8AF8-47EA-B47C-1994468D6E30}
	EndGlobalSection
EndGlobal
